// !$*UTF8*$!
{
	archiveVersion = 1;
	classes = {
	};
	objectVersion = 56;
	objects = {

/* Begin PBXBuildFile section */
		3A01024E2C2F538700FE911A /* MovieAppApp.swift in Sources */ = {isa = PBXBuildFile; fileRef = 3A01024D2C2F538700FE911A /* MovieAppApp.swift */; };
		3A0102502C2F538700FE911A /* ContentView.swift in Sources */ = {isa = PBXBuildFile; fileRef = 3A01024F2C2F538700FE911A /* ContentView.swift */; };
		3A0102522C2F538700FE911A /* Item.swift in Sources */ = {isa = PBXBuildFile; fileRef = 3A0102512C2F538700FE911A /* Item.swift */; };
		3A0102542C2F538E00FE911A /* Assets.xcassets in Resources */ = {isa = PBXBuildFile; fileRef = 3A0102532C2F538E00FE911A /* Assets.xcassets */; };
		3A0102572C2F538E00FE911A /* Preview Assets.xcassets in Resources */ = {isa = PBXBuildFile; fileRef = 3A0102562C2F538E00FE911A /* Preview Assets.xcassets */; };
		3A01025E2C2F571D00FE911A /* Home.swift in Sources */ = {isa = PBXBuildFile; fileRef = 3A01025D2C2F571D00FE911A /* Home.swift */; };
		3A0102622C2F583200FE911A /* Movie.swift in Sources */ = {isa = PBXBuildFile; fileRef = 3A0102612C2F583200FE911A /* Movie.swift */; };
		3A0102662C2F66A700FE911A /* MovieDetailsView.swift in Sources */ = {isa = PBXBuildFile; fileRef = 3A0102652C2F66A700FE911A /* MovieDetailsView.swift */; };
		3A6269092C30808100D39A29 /* MovieGridView.swift in Sources */ = {isa = PBXBuildFile; fileRef = 3A6269082C30808100D39A29 /* MovieGridView.swift */; };
		3A62690B2C308CA700D39A29 /* MovieDetailsView1.swift in Sources */ = {isa = PBXBuildFile; fileRef = 3A62690A2C308CA700D39A29 /* MovieDetailsView1.swift */; };
		3A62690D2C30C00200D39A29 /* ApiService.swift in Sources */ = {isa = PBXBuildFile; fileRef = 3A62690C2C30C00200D39A29 /* ApiService.swift */; };
		3A6269122C30CF0B00D39A29 /* safariView.swift in Sources */ = {isa = PBXBuildFile; fileRef = 3A6269112C30CF0B00D39A29 /* safariView.swift */; };
/* End PBXBuildFile section */

/* Begin PBXFileReference section */
		3A01024A2C2F538700FE911A /* MovieApp.app */ = {isa = PBXFileReference; explicitFileType = wrapper.application; includeInIndex = 0; path = MovieApp.app; sourceTree = BUILT_PRODUCTS_DIR; };
		3A01024D2C2F538700FE911A /* MovieAppApp.swift */ = {isa = PBXFileReference; lastKnownFileType = sourcecode.swift; path = MovieAppApp.swift; sourceTree = "<group>"; };
		3A01024F2C2F538700FE911A /* ContentView.swift */ = {isa = PBXFileReference; lastKnownFileType = sourcecode.swift; path = ContentView.swift; sourceTree = "<group>"; };
		3A0102512C2F538700FE911A /* Item.swift */ = {isa = PBXFileReference; lastKnownFileType = sourcecode.swift; path = Item.swift; sourceTree = "<group>"; };
		3A0102532C2F538E00FE911A /* Assets.xcassets */ = {isa = PBXFileReference; lastKnownFileType = folder.assetcatalog; path = Assets.xcassets; sourceTree = "<group>"; };
		3A0102562C2F538E00FE911A /* Preview Assets.xcassets */ = {isa = PBXFileReference; lastKnownFileType = folder.assetcatalog; path = "Preview Assets.xcassets"; sourceTree = "<group>"; };
		3A01025D2C2F571D00FE911A /* Home.swift */ = {isa = PBXFileReference; lastKnownFileType = sourcecode.swift; path = Home.swift; sourceTree = "<group>"; };
		3A0102612C2F583200FE911A /* Movie.swift */ = {isa = PBXFileReference; lastKnownFileType = sourcecode.swift; path = Movie.swift; sourceTree = "<group>"; };
		3A0102652C2F66A700FE911A /* MovieDetailsView.swift */ = {isa = PBXFileReference; lastKnownFileType = sourcecode.swift; path = MovieDetailsView.swift; sourceTree = "<group>"; };
		3A6269082C30808100D39A29 /* MovieGridView.swift */ = {isa = PBXFileReference; lastKnownFileType = sourcecode.swift; path = MovieGridView.swift; sourceTree = "<group>"; };
		3A62690A2C308CA700D39A29 /* MovieDetailsView1.swift */ = {isa = PBXFileReference; lastKnownFileType = sourcecode.swift; path = MovieDetailsView1.swift; sourceTree = "<group>"; };
		3A62690C2C30C00200D39A29 /* ApiService.swift */ = {isa = PBXFileReference; lastKnownFileType = sourcecode.swift; path = ApiService.swift; sourceTree = "<group>"; };
		3A6269112C30CF0B00D39A29 /* safariView.swift */ = {isa = PBXFileReference; lastKnownFileType = sourcecode.swift; path = safariView.swift; sourceTree = "<group>"; };
/* End PBXFileReference section */

/* Begin PBXFrameworksBuildPhase section */
		3A0102472C2F538700FE911A /* Frameworks */ = {
			isa = PBXFrameworksBuildPhase;
			buildActionMask = 2147483647;
			files = (
			);
			runOnlyForDeploymentPostprocessing = 0;
		};
/* End PBXFrameworksBuildPhase section */

/* Begin PBXGroup section */
		3A0102412C2F538700FE911A = {
			isa = PBXGroup;
			children = (
				3A01024C2C2F538700FE911A /* MovieApp */,
				3A01024B2C2F538700FE911A /* Products */,
			);
			sourceTree = "<group>";
		};
		3A01024B2C2F538700FE911A /* Products */ = {
			isa = PBXGroup;
			children = (
				3A01024A2C2F538700FE911A /* MovieApp.app */,
			);
			name = Products;
			sourceTree = "<group>";
		};
		3A01024C2C2F538700FE911A /* MovieApp */ = {
			isa = PBXGroup;
			children = (
				3A6269102C30CCFA00D39A29 /* service */,
				3A62690F2C30CCE300D39A29 /* views */,
				3A62690E2C30CCBD00D39A29 /* model */,
				3A01024D2C2F538700FE911A /* MovieAppApp.swift */,
				3A01024F2C2F538700FE911A /* ContentView.swift */,
				3A0102512C2F538700FE911A /* Item.swift */,
				3A0102532C2F538E00FE911A /* Assets.xcassets */,
				3A0102552C2F538E00FE911A /* Preview Content */,
				3A01025D2C2F571D00FE911A /* Home.swift */,
			);
			path = MovieApp;
			sourceTree = "<group>";
		};
		3A0102552C2F538E00FE911A /* Preview Content */ = {
			isa = PBXGroup;
			children = (
				3A0102562C2F538E00FE911A /* Preview Assets.xcassets */,
			);
			path = "Preview Content";
			sourceTree = "<group>";
		};
		3A62690E2C30CCBD00D39A29 /* model */ = {
			isa = PBXGroup;
			children = (
				3A0102612C2F583200FE911A /* Movie.swift */,
			);
			path = model;
			sourceTree = "<group>";
		};
		3A62690F2C30CCE300D39A29 /* views */ = {
			isa = PBXGroup;
			children = (
				3A6269112C30CF0B00D39A29 /* safariView.swift */,
				3A62690A2C308CA700D39A29 /* MovieDetailsView1.swift */,
				3A6269082C30808100D39A29 /* MovieGridView.swift */,
				3A0102652C2F66A700FE911A /* MovieDetailsView.swift */,
			);
			path = views;
			sourceTree = "<group>";
		};
		3A6269102C30CCFA00D39A29 /* service */ = {
			isa = PBXGroup;
			children = (
				3A62690C2C30C00200D39A29 /* ApiService.swift */,
			);
			path = service;
			sourceTree = "<group>";
		};
/* End PBXGroup section */

/* Begin PBXNativeTarget section */
		3A0102492C2F538700FE911A /* MovieApp */ = {
			isa = PBXNativeTarget;
			buildConfigurationList = 3A01025A2C2F538E00FE911A /* Build configuration list for PBXNativeTarget "MovieApp" */;
			buildPhases = (
				3A0102462C2F538700FE911A /* Sources */,
				3A0102472C2F538700FE911A /* Frameworks */,
				3A0102482C2F538700FE911A /* Resources */,
			);
			buildRules = (
			);
			dependencies = (
			);
			name = MovieApp;
			productName = MovieApp;
			productReference = 3A01024A2C2F538700FE911A /* MovieApp.app */;
			productType = "com.apple.product-type.application";
		};
/* End PBXNativeTarget section */

/* Begin PBXProject section */
		3A0102422C2F538700FE911A /* Project object */ = {
			isa = PBXProject;
			attributes = {
				BuildIndependentTargetsInParallel = 1;
				LastSwiftUpdateCheck = 1530;
				LastUpgradeCheck = 1530;
				TargetAttributes = {
					3A0102492C2F538700FE911A = {
						CreatedOnToolsVersion = 15.3;
					};
				};
			};
			buildConfigurationList = 3A0102452C2F538700FE911A /* Build configuration list for PBXProject "MovieApp" */;
			compatibilityVersion = "Xcode 14.0";
			developmentRegion = en;
			hasScannedForEncodings = 0;
			knownRegions = (
				en,
				Base,
			);
			mainGroup = 3A0102412C2F538700FE911A;
			productRefGroup = 3A01024B2C2F538700FE911A /* Products */;
			projectDirPath = "";
			projectRoot = "";
			targets = (
				3A0102492C2F538700FE911A /* MovieApp */,
			);
		};
/* End PBXProject section */

/* Begin PBXResourcesBuildPhase section */
		3A0102482C2F538700FE911A /* Resources */ = {
			isa = PBXResourcesBuildPhase;
			buildActionMask = 2147483647;
			files = (
				3A0102572C2F538E00FE911A /* Preview Assets.xcassets in Resources */,
				3A0102542C2F538E00FE911A /* Assets.xcassets in Resources */,
			);
			runOnlyForDeploymentPostprocessing = 0;
		};
/* End PBXResourcesBuildPhase section */

/* Begin PBXSourcesBuildPhase section */
		3A0102462C2F538700FE911A /* Sources */ = {
			isa = PBXSourcesBuildPhase;
			buildActionMask = 2147483647;
			files = (
				3A0102502C2F538700FE911A /* ContentView.swift in Sources */,
				3A0102662C2F66A700FE911A /* MovieDetailsView.swift in Sources */,
				3A0102522C2F538700FE911A /* Item.swift in Sources */,
				3A01025E2C2F571D00FE911A /* Home.swift in Sources */,
				3A62690B2C308CA700D39A29 /* MovieDetailsView1.swift in Sources */,
				3A6269122C30CF0B00D39A29 /* safariView.swift in Sources */,
				3A62690D2C30C00200D39A29 /* ApiService.swift in Sources */,
				3A6269092C30808100D39A29 /* MovieGridView.swift in Sources */,
				3A01024E2C2F538700FE911A /* MovieAppApp.swift in Sources */,
				3A0102622C2F583200FE911A /* Movie.swift in Sources */,
			);
			runOnlyForDeploymentPostprocessing = 0;
		};
/* End PBXSourcesBuildPhase section */

/* Begin XCBuildConfiguration section */
		3A0102582C2F538E00FE911A /* Debug */ = {
			isa = XCBuildConfiguration;
			buildSettings = {
				ALWAYS_SEARCH_USER_PATHS = NO;
				ASSETCATALOG_COMPILER_GENERATE_SWIFT_ASSET_SYMBOL_EXTENSIONS = YES;
				CLANG_ANALYZER_NONNULL = YES;
				CLANG_ANALYZER_NUMBER_OBJECT_CONVERSION = YES_AGGRESSIVE;
				CLANG_CXX_LANGUAGE_STANDARD = "gnu++20";
				CLANG_ENABLE_MODULES = YES;
				CLANG_ENABLE_OBJC_ARC = YES;
				CLANG_ENABLE_OBJC_WEAK = YES;
				CLANG_WARN_BLOCK_CAPTURE_AUTORELEASING = YES;
				CLANG_WARN_BOOL_CONVERSION = YES;
				CLANG_WARN_COMMA = YES;
				CLANG_WARN_CONSTANT_CONVERSION = YES;
				CLANG_WARN_DEPRECATED_OBJC_IMPLEMENTATIONS = YES;
				CLANG_WARN_DIRECT_OBJC_ISA_USAGE = YES_ERROR;
				CLANG_WARN_DOCUMENTATION_COMMENTS = YES;
				CLANG_WARN_EMPTY_BODY = YES;
				CLANG_WARN_ENUM_CONVERSION = YES;
				CLANG_WARN_INFINITE_RECURSION = YES;
				CLANG_WARN_INT_CONVERSION = YES;
				CLANG_WARN_NON_LITERAL_NULL_CONVERSION = YES;
				CLANG_WARN_OBJC_IMPLICIT_RETAIN_SELF = YES;
				CLANG_WARN_OBJC_LITERAL_CONVERSION = YES;
				CLANG_WARN_OBJC_ROOT_CLASS = YES_ERROR;
				CLANG_WARN_QUOTED_INCLUDE_IN_FRAMEWORK_HEADER = YES;
				CLANG_WARN_RANGE_LOOP_ANALYSIS = YES;
				CLANG_WARN_STRICT_PROTOTYPES = YES;
				CLANG_WARN_SUSPICIOUS_MOVE = YES;
				CLANG_WARN_UNGUARDED_AVAILABILITY = YES_AGGRESSIVE;
				CLANG_WARN_UNREACHABLE_CODE = YES;
				CLANG_WARN__DUPLICATE_METHOD_MATCH = YES;
				COPY_PHASE_STRIP = NO;
				DEBUG_INFORMATION_FORMAT = dwarf;
				ENABLE_STRICT_OBJC_MSGSEND = YES;
				ENABLE_TESTABILITY = YES;
				ENABLE_USER_SCRIPT_SANDBOXING = YES;
				GCC_C_LANGUAGE_STANDARD = gnu17;
				GCC_DYNAMIC_NO_PIC = NO;
				GCC_NO_COMMON_BLOCKS = YES;
				GCC_OPTIMIZATION_LEVEL = 0;
				GCC_PREPROCESSOR_DEFINITIONS = (
					"DEBUG=1",
					"$(inherited)",
				);
				GCC_WARN_64_TO_32_BIT_CONVERSION = YES;
				GCC_WARN_ABOUT_RETURN_TYPE = YES_ERROR;
				GCC_WARN_UNDECLARED_SELECTOR = YES;
				GCC_WARN_UNINITIALIZED_AUTOS = YES_AGGRESSIVE;
				GCC_WARN_UNUSED_FUNCTION = YES;
				GCC_WARN_UNUSED_VARIABLE = YES;
				IPHONEOS_DEPLOYMENT_TARGET = 17.4;
				LOCALIZATION_PREFERS_STRING_CATALOGS = YES;
				MTL_ENABLE_DEBUG_INFO = INCLUDE_SOURCE;
				MTL_FAST_MATH = YES;
				ONLY_ACTIVE_ARCH = YES;
				SDKROOT = iphoneos;
				SWIFT_ACTIVE_COMPILATION_CONDITIONS = "DEBUG $(inherited)";
				SWIFT_OPTIMIZATION_LEVEL = "-Onone";
			};
			name = Debug;
		};
		3A0102592C2F538E00FE911A /* Release */ = {
			isa = XCBuildConfiguration;
			buildSettings = {
				ALWAYS_SEARCH_USER_PATHS = NO;
				ASSETCATALOG_COMPILER_GENERATE_SWIFT_ASSET_SYMBOL_EXTENSIONS = YES;
				CLANG_ANALYZER_NONNULL = YES;
				CLANG_ANALYZER_NUMBER_OBJECT_CONVERSION = YES_AGGRESSIVE;
				CLANG_CXX_LANGUAGE_STANDARD = "gnu++20";
				CLANG_ENABLE_MODULES = YES;
				CLANG_ENABLE_OBJC_ARC = YES;
				CLANG_ENABLE_OBJC_WEAK = YES;
				CLANG_WARN_BLOCK_CAPTURE_AUTORELEASING = YES;
				CLANG_WARN_BOOL_CONVERSION = YES;
				CLANG_WARN_COMMA = YES;
				CLANG_WARN_CONSTANT_CONVERSION = YES;
				CLANG_WARN_DEPRECATED_OBJC_IMPLEMENTATIONS = YES;
				CLANG_WARN_DIRECT_OBJC_ISA_USAGE = YES_ERROR;
				CLANG_WARN_DOCUMENTATION_COMMENTS = YES;
				CLANG_WARN_EMPTY_BODY = YES;
				CLANG_WARN_ENUM_CONVERSION = YES;
				CLANG_WARN_INFINITE_RECURSION = YES;
				CLANG_WARN_INT_CONVERSION = YES;
				CLANG_WARN_NON_LITERAL_NULL_CONVERSION = YES;
				CLANG_WARN_OBJC_IMPLICIT_RETAIN_SELF = YES;
				CLANG_WARN_OBJC_LITERAL_CONVERSION = YES;
				CLANG_WARN_OBJC_ROOT_CLASS = YES_ERROR;
				CLANG_WARN_QUOTED_INCLUDE_IN_FRAMEWORK_HEADER = YES;
				CLANG_WARN_RANGE_LOOP_ANALYSIS = YES;
				CLANG_WARN_STRICT_PROTOTYPES = YES;
				CLANG_WARN_SUSPICIOUS_MOVE = YES;
				CLANG_WARN_UNGUARDED_AVAILABILITY = YES_AGGRESSIVE;
				CLANG_WARN_UNREACHABLE_CODE = YES;
				CLANG_WARN__DUPLICATE_METHOD_MATCH = YES;
				COPY_PHASE_STRIP = NO;
				DEBUG_INFORMATION_FORMAT = "dwarf-with-dsym";
				ENABLE_NS_ASSERTIONS = NO;
				ENABLE_STRICT_OBJC_MSGSEND = YES;
				ENABLE_USER_SCRIPT_SANDBOXING = YES;
				GCC_C_LANGUAGE_STANDARD = gnu17;
				GCC_NO_COMMON_BLOCKS = YES;
				GCC_WARN_64_TO_32_BIT_CONVERSION = YES;
				GCC_WARN_ABOUT_RETURN_TYPE = YES_ERROR;
				GCC_WARN_UNDECLARED_SELECTOR = YES;
				GCC_WARN_UNINITIALIZED_AUTOS = YES_AGGRESSIVE;
				GCC_WARN_UNUSED_FUNCTION = YES;
				GCC_WARN_UNUSED_VARIABLE = YES;
				IPHONEOS_DEPLOYMENT_TARGET = 17.4;
				LOCALIZATION_PREFERS_STRING_CATALOGS = YES;
				MTL_ENABLE_DEBUG_INFO = NO;
				MTL_FAST_MATH = YES;
				SDKROOT = iphoneos;
				SWIFT_COMPILATION_MODE = wholemodule;
				VALIDATE_PRODUCT = YES;
			};
			name = Release;
		};
		3A01025B2C2F538E00FE911A /* Debug */ = {
			isa = XCBuildConfiguration;
			buildSettings = {
				ASSETCATALOG_COMPILER_APPICON_NAME = AppIcon;
				ASSETCATALOG_COMPILER_GLOBAL_ACCENT_COLOR_NAME = AccentColor;
				CODE_SIGN_STYLE = Automatic;
				CURRENT_PROJECT_VERSION = 1;
				DEVELOPMENT_ASSET_PATHS = "\"MovieApp/Preview Content\"";
				ENABLE_PREVIEWS = YES;
				GENERATE_INFOPLIST_FILE = YES;
				INFOPLIST_KEY_UIApplicationSceneManifest_Generation = YES;
				INFOPLIST_KEY_UIApplicationSupportsIndirectInputEvents = YES;
				INFOPLIST_KEY_UILaunchScreen_Generation = YES;
				INFOPLIST_KEY_UISupportedInterfaceOrientations_iPad = "UIInterfaceOrientationPortrait UIInterfaceOrientationPortraitUpsideDown UIInterfaceOrientationLandscapeLeft UIInterfaceOrientationLandscapeRight";
				INFOPLIST_KEY_UISupportedInterfaceOrientations_iPhone = "UIInterfaceOrientationPortrait UIInterfaceOrientationLandscapeLeft UIInterfaceOrientationLandscapeRight";
				LD_RUNPATH_SEARCH_PATHS = (
					"$(inherited)",
					"@executable_path/Frameworks",
				);
				MARKETING_VERSION = 1.0;
				PRODUCT_BUNDLE_IDENTIFIER = com.zineddine.MovieApp;
				PRODUCT_NAME = "$(TARGET_NAME)";
				SWIFT_EMIT_LOC_STRINGS = YES;
				SWIFT_VERSION = 5.0;
				TARGETED_DEVICE_FAMILY = "1,2";
			};
			name = Debug;
		};
		3A01025C2C2F538E00FE911A /* Release */ = {
			isa = XCBuildConfiguration;
			buildSettings = {
				ASSETCATALOG_COMPILER_APPICON_NAME = AppIcon;
				ASSETCATALOG_COMPILER_GLOBAL_ACCENT_COLOR_NAME = AccentColor;
				CODE_SIGN_STYLE = Automatic;
				CURRENT_PROJECT_VERSION = 1;
				DEVELOPMENT_ASSET_PATHS = "\"MovieApp/Preview Content\"";
				ENABLE_PREVIEWS = YES;
				GENERATE_INFOPLIST_FILE = YES;
				INFOPLIST_KEY_UIApplicationSceneManifest_Generation = YES;
				INFOPLIST_KEY_UIApplicationSupportsIndirectInputEvents = YES;
				INFOPLIST_KEY_UILaunchScreen_Generation = YES;
				INFOPLIST_KEY_UISupportedInterfaceOrientations_iPad = "UIInterfaceOrientationPortrait UIInterfaceOrientationPortraitUpsideDown UIInterfaceOrientationLandscapeLeft UIInterfaceOrientationLandscapeRight";
				INFOPLIST_KEY_UISupportedInterfaceOrientations_iPhone = "UIInterfaceOrientationPortrait UIInterfaceOrientationLandscapeLeft UIInterfaceOrientationLandscapeRight";
				LD_RUNPATH_SEARCH_PATHS = (
					"$(inherited)",
					"@executable_path/Frameworks",
				);
				MARKETING_VERSION = 1.0;
				PRODUCT_BUNDLE_IDENTIFIER = com.zineddine.MovieApp;
				PRODUCT_NAME = "$(TARGET_NAME)";
				SWIFT_EMIT_LOC_STRINGS = YES;
				SWIFT_VERSION = 5.0;
				TARGETED_DEVICE_FAMILY = "1,2";
			};
			name = Release;
		};
/* End XCBuildConfiguration section */

/* Begin XCConfigurationList section */
		3A0102452C2F538700FE911A /* Build configuration list for PBXProject "MovieApp" */ = {
			isa = XCConfigurationList;
			buildConfigurations = (
				3A0102582C2F538E00FE911A /* Debug */,
				3A0102592C2F538E00FE911A /* Release */,
			);
			defaultConfigurationIsVisible = 0;
			defaultConfigurationName = Release;
		};
		3A01025A2C2F538E00FE911A /* Build configuration list for PBXNativeTarget "MovieApp" */ = {
			isa = XCConfigurationList;
			buildConfigurations = (
				3A01025B2C2F538E00FE911A /* Debug */,
				3A01025C2C2F538E00FE911A /* Release */,
			);
			defaultConfigurationIsVisible = 0;
			defaultConfigurationName = Release;
		};
/* End XCConfigurationList section */
	};
	rootObject = 3A0102422C2F538700FE911A /* Project object */;
}
